
Microsoft Visual Studio Solution File, Format Version 12.00
# Visual Studio Version 17
VisualStudioVersion = 17.14.36414.22 d17.14
MinimumVisualStudioVersion = 10.0.40219.1
Project("{FAE04EC0-301F-11D3-BF4B-00C04F79EFBC}") = "Carteado", "Carteado.csproj", "{DDEE1C2B-9F40-4D39-8302-E0E72A629FBE}"
EndProject
Global
	GlobalSection(SolutionConfigurationPlatforms) = preSolution
		Debug|Any CPU = Debug|Any CPU
		Release|Any CPU = Release|Any CPU
	EndGlobalSection
	GlobalSection(ProjectConfigurationPlatforms) = postSolution
		{DDEE1C2B-9F40-4D39-8302-E0E72A629FBE}.Debug|Any CPU.ActiveCfg = Debug|Any CPU
		{DDEE1C2B-9F40-4D39-8302-E0E72A629FBE}.Debug|Any CPU.Build.0 = Debug|Any CPU
		{DDEE1C2B-9F40-4D39-8302-E0E72A629FBE}.Release|Any CPU.ActiveCfg = Release|Any CPU
		{DDEE1C2B-9F40-4D39-8302-E0E72A629FBE}.Release|Any CPU.Build.0 = Release|Any CPU
	EndGlobalSection
	GlobalSection(SolutionProperties) = preSolution
		HideSolutionNode = FALSE
	EndGlobalSection
	GlobalSection(ExtensibilityGlobals) = postSolution
		SolutionGuid = {EC8CB9F8-D46F-4385-952B-AEDD0417E881}
	EndGlobalSection
EndGlobal
